
Microsoft Visual Studio Solution File, Format Version 12.00
# Visual Studio Version 16
VisualStudioVersion = 16.0.28803.202
MinimumVisualStudioVersion = 10.0.40219.1
Project("{FAE04EC0-301F-11D3-BF4B-00C04F79EFBC}") = "Quanlibenhvien_Offical", "Quanlibenhvien_Offical.csproj", "{625D0467-F569-4071-9022-B23FA6CA5858}"
EndProject
Global
	GlobalSection(SolutionConfigurationPlatforms) = preSolution
		Debug|Any CPU = Debug|Any CPU
		Release|Any CPU = Release|Any CPU
	EndGlobalSection
	GlobalSection(ProjectConfigurationPlatforms) = postSolution
		{625D0467-F569-4071-9022-B23FA6CA5858}.Debug|Any CPU.ActiveCfg = Debug|Any CPU
		{625D0467-F569-4071-9022-B23FA6CA5858}.Debug|Any CPU.Build.0 = Debug|Any CPU
		{625D0467-F569-4071-9022-B23FA6CA5858}.Release|Any CPU.ActiveCfg = Release|Any CPU
		{625D0467-F569-4071-9022-B23FA6CA5858}.Release|Any CPU.Build.0 = Release|Any CPU
	EndGlobalSection
	GlobalSection(SolutionProperties) = preSolution
		HideSolutionNode = FALSE
	EndGlobalSection
	GlobalSection(ExtensibilityGlobals) = postSolution
		SolutionGuid = {DAD441A2-5CBF-4872-890D-25BDE8C2A5B6}
	EndGlobalSection
EndGlobal
